
Microsoft Visual Studio Solution File, Format Version 12.00
# Visual Studio 15
Project("{FAE04EC0-301F-11D3-BF4B-00C04F79EFBC}") = "Assembly-CSharp", "Assembly-CSharp.csproj", "{A5B11E07-5801-95F2-B1D8-84E880ABA1DD}"
EndProject
Global
	GlobalSection(SolutionConfigurationPlatforms) = preSolution
		Debug|Any CPU = Debug|Any CPU
		Release|Any CPU = Release|Any CPU
	EndGlobalSection
	GlobalSection(ProjectConfigurationPlatforms) = postSolution
		{A5B11E07-5801-95F2-B1D8-84E880ABA1DD}.Debug|Any CPU.ActiveCfg = Debug|Any CPU
		{A5B11E07-5801-95F2-B1D8-84E880ABA1DD}.Debug|Any CPU.Build.0 = Debug|Any CPU
		{A5B11E07-5801-95F2-B1D8-84E880ABA1DD}.Release|Any CPU.ActiveCfg = Release|Any CPU
		{A5B11E07-5801-95F2-B1D8-84E880ABA1DD}.Release|Any CPU.Build.0 = Release|Any CPU
	EndGlobalSection
	GlobalSection(SolutionProperties) = preSolution
		HideSolutionNode = FALSE
	EndGlobalSection
EndGlobal
